{
  "pins" : [
    {
      "identity" : "pqmagic",
      "kind" : "remoteSourceControl",
      "location" : "https://github.com/neHCuoHEpa/PQMagic.git",
      "state" : {
        "revision" : "5a7856bf7e4e9a47be9a2b71b6a30b624b097581",
        "version" : "1.0.0"
      }
    }
  ],
  "version" : 2
}
